// !$*UTF8*$!
{
	archiveVersion = 1;
	classes = {
	};
	objectVersion = 50;
	objects = {

/* Begin PBXBuildFile section */
		22E46AB4269BB55E000B3B3C /* AppDelegate.swift in Sources */ = {isa = PBXBuildFile; fileRef = 22E46AB3269BB55E000B3B3C /* AppDelegate.swift */; };
		22E46AB6269BB55E000B3B3C /* SceneDelegate.swift in Sources */ = {isa = PBXBuildFile; fileRef = 22E46AB5269BB55E000B3B3C /* SceneDelegate.swift */; };
		22E46AB8269BB55E000B3B3C /* ViewController.swift in Sources */ = {isa = PBXBuildFile; fileRef = 22E46AB7269BB55E000B3B3C /* ViewController.swift */; };
		22E46ABB269BB55E000B3B3C /* Main.storyboard in Resources */ = {isa = PBXBuildFile; fileRef = 22E46AB9269BB55E000B3B3C /* Main.storyboard */; };
		22E46ABD269BB55F000B3B3C /* Assets.xcassets in Resources */ = {isa = PBXBuildFile; fileRef = 22E46ABC269BB55F000B3B3C /* Assets.xcassets */; };
		22E46AC0269BB55F000B3B3C /* LaunchScreen.storyboard in Resources */ = {isa = PBXBuildFile; fileRef = 22E46ABE269BB55F000B3B3C /* LaunchScreen.storyboard */; };
		22E46AC8269BB797000B3B3C /* CustomScene.swift in Sources */ = {isa = PBXBuildFile; fileRef = 22E46AC7269BB797000B3B3C /* CustomScene.swift */; };
/* End PBXBuildFile section */

/* Begin PBXFileReference section */
		22E46AB0269BB55E000B3B3C /* Sprites.app */ = {isa = PBXFileReference; explicitFileType = wrapper.application; includeInIndex = 0; path = Sprites.app; sourceTree = BUILT_PRODUCTS_DIR; };
		22E46AB3269BB55E000B3B3C /* AppDelegate.swift */ = {isa = PBXFileReference; lastKnownFileType = sourcecode.swift; path = AppDelegate.swift; sourceTree = "<group>"; };
		22E46AB5269BB55E000B3B3C /* SceneDelegate.swift */ = {isa = PBXFileReference; lastKnownFileType = sourcecode.swift; path = SceneDelegate.swift; sourceTree = "<group>"; };
		22E46AB7269BB55E000B3B3C /* ViewController.swift */ = {isa = PBXFileReference; lastKnownFileType = sourcecode.swift; path = ViewController.swift; sourceTree = "<group>"; };
		22E46ABA269BB55E000B3B3C /* Base */ = {isa = PBXFileReference; lastKnownFileType = file.storyboard; name = Base; path = Base.lproj/Main.storyboard; sourceTree = "<group>"; };
		22E46ABC269BB55F000B3B3C /* Assets.xcassets */ = {isa = PBXFileReference; lastKnownFileType = folder.assetcatalog; path = Assets.xcassets; sourceTree = "<group>"; };
		22E46ABF269BB55F000B3B3C /* Base */ = {isa = PBXFileReference; lastKnownFileType = file.storyboard; name = Base; path = Base.lproj/LaunchScreen.storyboard; sourceTree = "<group>"; };
		22E46AC1269BB55F000B3B3C /* Info.plist */ = {isa = PBXFileReference; lastKnownFileType = text.plist.xml; path = Info.plist; sourceTree = "<group>"; };
		22E46AC7269BB797000B3B3C /* CustomScene.swift */ = {isa = PBXFileReference; lastKnownFileType = sourcecode.swift; path = CustomScene.swift; sourceTree = "<group>"; };
/* End PBXFileReference section */

/* Begin PBXFrameworksBuildPhase section */
		22E46AAD269BB55E000B3B3C /* Frameworks */ = {
			isa = PBXFrameworksBuildPhase;
			buildActionMask = 2147483647;
			files = (
			);
			runOnlyForDeploymentPostprocessing = 0;
		};
/* End PBXFrameworksBuildPhase section */

/* Begin PBXGroup section */
		22E46AA7269BB55E000B3B3C = {
			isa = PBXGroup;
			children = (
				22E46AB2269BB55E000B3B3C /* Sprites */,
				22E46AB1269BB55E000B3B3C /* Products */,
			);
			sourceTree = "<group>";
		};
		22E46AB1269BB55E000B3B3C /* Products */ = {
			isa = PBXGroup;
			children = (
				22E46AB0269BB55E000B3B3C /* Sprites.app */,
			);
			name = Products;
			sourceTree = "<group>";
		};
		22E46AB2269BB55E000B3B3C /* Sprites */ = {
			isa = PBXGroup;
			children = (
				22E46AB3269BB55E000B3B3C /* AppDelegate.swift */,
				22E46AB5269BB55E000B3B3C /* SceneDelegate.swift */,
				22E46AB7269BB55E000B3B3C /* ViewController.swift */,
				22E46AC7269BB797000B3B3C /* CustomScene.swift */,
				22E46AB9269BB55E000B3B3C /* Main.storyboard */,
				22E46ABC269BB55F000B3B3C /* Assets.xcassets */,
				22E46ABE269BB55F000B3B3C /* LaunchScreen.storyboard */,
				22E46AC1269BB55F000B3B3C /* Info.plist */,
			);
			path = Sprites;
			sourceTree = "<group>";
		};
/* End PBXGroup section */

/* Begin PBXNativeTarget section */
		22E46AAF269BB55E000B3B3C /* Sprites */ = {
			isa = PBXNativeTarget;
			buildConfigurationList = 22E46AC4269BB55F000B3B3C /* Build configuration list for PBXNativeTarget "Sprites" */;
			buildPhases = (
				22E46AAC269BB55E000B3B3C /* Sources */,
				22E46AAD269BB55E000B3B3C /* Frameworks */,
				22E46AAE269BB55E000B3B3C /* Resources */,
			);
			buildRules = (
			);
			dependencies = (
			);
			name = Sprites;
			productName = Sprites;
			productReference = 22E46AB0269BB55E000B3B3C /* Sprites.app */;
			productType = "com.apple.product-type.application";
		};
/* End PBXNativeTarget section */

/* Begin PBXProject section */
		22E46AA8269BB55E000B3B3C /* Project object */ = {
			isa = PBXProject;
			attributes = {
				LastSwiftUpdateCheck = 1250;
				LastUpgradeCheck = 1250;
				TargetAttributes = {
					22E46AAF269BB55E000B3B3C = {
						CreatedOnToolsVersion = 12.5.1;
					};
				};
			};
			buildConfigurationList = 22E46AAB269BB55E000B3B3C /* Build configuration list for PBXProject "Sprites" */;
			compatibilityVersion = "Xcode 9.3";
			developmentRegion = en;
			hasScannedForEncodings = 0;
			knownRegions = (
				en,
				Base,
			);
			mainGroup = 22E46AA7269BB55E000B3B3C;
			productRefGroup = 22E46AB1269BB55E000B3B3C /* Products */;
			projectDirPath = "";
			projectRoot = "";
			targets = (
				22E46AAF269BB55E000B3B3C /* Sprites */,
			);
		};
/* End PBXProject section */

/* Begin PBXResourcesBuildPhase section */
		22E46AAE269BB55E000B3B3C /* Resources */ = {
			isa = PBXResourcesBuildPhase;
			buildActionMask = 2147483647;
			files = (
				22E46AC0269BB55F000B3B3C /* LaunchScreen.storyboard in Resources */,
				22E46ABD269BB55F000B3B3C /* Assets.xcassets in Resources */,
				22E46ABB269BB55E000B3B3C /* Main.storyboard in Resources */,
			);
			runOnlyForDeploymentPostprocessing = 0;
		};
/* End PBXResourcesBuildPhase section */

/* Begin PBXSourcesBuildPhase section */
		22E46AAC269BB55E000B3B3C /* Sources */ = {
			isa = PBXSourcesBuildPhase;
			buildActionMask = 2147483647;
			files = (
				22E46AB8269BB55E000B3B3C /* ViewController.swift in Sources */,
				22E46AC8269BB797000B3B3C /* CustomScene.swift in Sources */,
				22E46AB4269BB55E000B3B3C /* AppDelegate.swift in Sources */,
				22E46AB6269BB55E000B3B3C /* SceneDelegate.swift in Sources */,
			);
			runOnlyForDeploymentPostprocessing = 0;
		};
/* End PBXSourcesBuildPhase section */

/* Begin PBXVariantGroup section */
		22E46AB9269BB55E000B3B3C /* Main.storyboard */ = {
			isa = PBXVariantGroup;
			children = (
				22E46ABA269BB55E000B3B3C /* Base */,
			);
			name = Main.storyboard;
			sourceTree = "<group>";
		};
		22E46ABE269BB55F000B3B3C /* LaunchScreen.storyboard */ = {
			isa = PBXVariantGroup;
			children = (
				22E46ABF269BB55F000B3B3C /* Base */,
			);
			name = LaunchScreen.storyboard;
			sourceTree = "<group>";
		};
/* End PBXVariantGroup section */

/* Begin XCBuildConfiguration section */
		22E46AC2269BB55F000B3B3C /* Debug */ = {
			isa = XCBuildConfiguration;
			buildSettings = {
				ALWAYS_SEARCH_USER_PATHS = NO;
				CLANG_ANALYZER_NONNULL = YES;
				CLANG_ANALYZER_NUMBER_OBJECT_CONVERSION = YES_AGGRESSIVE;
				CLANG_CXX_LANGUAGE_STANDARD = "gnu++14";
				CLANG_CXX_LIBRARY = "libc++";
				CLANG_ENABLE_MODULES = YES;
				CLANG_ENABLE_OBJC_ARC = YES;
				CLANG_ENABLE_OBJC_WEAK = YES;
				CLANG_WARN_BLOCK_CAPTURE_AUTORELEASING = YES;
				CLANG_WARN_BOOL_CONVERSION = YES;
				CLANG_WARN_COMMA = YES;
				CLANG_WARN_CONSTANT_CONVERSION = YES;
				CLANG_WARN_DEPRECATED_OBJC_IMPLEMENTATIONS = YES;
				CLANG_WARN_DIRECT_OBJC_ISA_USAGE = YES_ERROR;
				CLANG_WARN_DOCUMENTATION_COMMENTS = YES;
				CLANG_WARN_EMPTY_BODY = YES;
				CLANG_WARN_ENUM_CONVERSION = YES;
				CLANG_WARN_INFINITE_RECURSION = YES;
				CLANG_WARN_INT_CONVERSION = YES;
				CLANG_WARN_NON_LITERAL_NULL_CONVERSION = YES;
				CLANG_WARN_OBJC_IMPLICIT_RETAIN_SELF = YES;
				CLANG_WARN_OBJC_LITERAL_CONVERSION = YES;
				CLANG_WARN_OBJC_ROOT_CLASS = YES_ERROR;
				CLANG_WARN_QUOTED_INCLUDE_IN_FRAMEWORK_HEADER = YES;
				CLANG_WARN_RANGE_LOOP_ANALYSIS = YES;
				CLANG_WARN_STRICT_PROTOTYPES = YES;
				CLANG_WARN_SUSPICIOUS_MOVE = YES;
				CLANG_WARN_UNGUARDED_AVAILABILITY = YES_AGGRESSIVE;
				CLANG_WARN_UNREACHABLE_CODE = YES;
				CLANG_WARN__DUPLICATE_METHOD_MATCH = YES;
				COPY_PHASE_STRIP = NO;
				DEBUG_INFORMATION_FORMAT = dwarf;
				ENABLE_STRICT_OBJC_MSGSEND = YES;
				ENABLE_TESTABILITY = YES;
				GCC_C_LANGUAGE_STANDARD = gnu11;
				GCC_DYNAMIC_NO_PIC = NO;
				GCC_NO_COMMON_BLOCKS = YES;
				GCC_OPTIMIZATION_LEVEL = 0;
				GCC_PREPROCESSOR_DEFINITIONS = (
					"DEBUG=1",
					"$(inherited)",
				);
				GCC_WARN_64_TO_32_BIT_CONVERSION = YES;
				GCC_WARN_ABOUT_RETURN_TYPE = YES_ERROR;
				GCC_WARN_UNDECLARED_SELECTOR = YES;
				GCC_WARN_UNINITIALIZED_AUTOS = YES_AGGRESSIVE;
				GCC_WARN_UNUSED_FUNCTION = YES;
				GCC_WARN_UNUSED_VARIABLE = YES;
				IPHONEOS_DEPLOYMENT_TARGET = 14.5;
				MTL_ENABLE_DEBUG_INFO = INCLUDE_SOURCE;
				MTL_FAST_MATH = YES;
				ONLY_ACTIVE_ARCH = YES;
				SDKROOT = iphoneos;
				SWIFT_ACTIVE_COMPILATION_CONDITIONS = DEBUG;
				SWIFT_OPTIMIZATION_LEVEL = "-Onone";
			};
			name = Debug;
		};
		22E46AC3269BB55F000B3B3C /* Release */ = {
			isa = XCBuildConfiguration;
			buildSettings = {
				ALWAYS_SEARCH_USER_PATHS = NO;
				CLANG_ANALYZER_NONNULL = YES;
				CLANG_ANALYZER_NUMBER_OBJECT_CONVERSION = YES_AGGRESSIVE;
				CLANG_CXX_LANGUAGE_STANDARD = "gnu++14";
				CLANG_CXX_LIBRARY = "libc++";
				CLANG_ENABLE_MODULES = YES;
				CLANG_ENABLE_OBJC_ARC = YES;
				CLANG_ENABLE_OBJC_WEAK = YES;
				CLANG_WARN_BLOCK_CAPTURE_AUTORELEASING = YES;
				CLANG_WARN_BOOL_CONVERSION = YES;
				CLANG_WARN_COMMA = YES;
				CLANG_WARN_CONSTANT_CONVERSION = YES;
				CLANG_WARN_DEPRECATED_OBJC_IMPLEMENTATIONS = YES;
				CLANG_WARN_DIRECT_OBJC_ISA_USAGE = YES_ERROR;
				CLANG_WARN_DOCUMENTATION_COMMENTS = YES;
				CLANG_WARN_EMPTY_BODY = YES;
				CLANG_WARN_ENUM_CONVERSION = YES;
				CLANG_WARN_INFINITE_RECURSION = YES;
				CLANG_WARN_INT_CONVERSION = YES;
				CLANG_WARN_NON_LITERAL_NULL_CONVERSION = YES;
				CLANG_WARN_OBJC_IMPLICIT_RETAIN_SELF = YES;
				CLANG_WARN_OBJC_LITERAL_CONVERSION = YES;
				CLANG_WARN_OBJC_ROOT_CLASS = YES_ERROR;
				CLANG_WARN_QUOTED_INCLUDE_IN_FRAMEWORK_HEADER = YES;
				CLANG_WARN_RANGE_LOOP_ANALYSIS = YES;
				CLANG_WARN_STRICT_PROTOTYPES = YES;
				CLANG_WARN_SUSPICIOUS_MOVE = YES;
				CLANG_WARN_UNGUARDED_AVAILABILITY = YES_AGGRESSIVE;
				CLANG_WARN_UNREACHABLE_CODE = YES;
				CLANG_WARN__DUPLICATE_METHOD_MATCH = YES;
				COPY_PHASE_STRIP = NO;
				DEBUG_INFORMATION_FORMAT = "dwarf-with-dsym";
				ENABLE_NS_ASSERTIONS = NO;
				ENABLE_STRICT_OBJC_MSGSEND = YES;
				GCC_C_LANGUAGE_STANDARD = gnu11;
				GCC_NO_COMMON_BLOCKS = YES;
				GCC_WARN_64_TO_32_BIT_CONVERSION = YES;
				GCC_WARN_ABOUT_RETURN_TYPE = YES_ERROR;
				GCC_WARN_UNDECLARED_SELECTOR = YES;
				GCC_WARN_UNINITIALIZED_AUTOS = YES_AGGRESSIVE;
				GCC_WARN_UNUSED_FUNCTION = YES;
				GCC_WARN_UNUSED_VARIABLE = YES;
				IPHONEOS_DEPLOYMENT_TARGET = 14.5;
				MTL_ENABLE_DEBUG_INFO = NO;
				MTL_FAST_MATH = YES;
				SDKROOT = iphoneos;
				SWIFT_COMPILATION_MODE = wholemodule;
				SWIFT_OPTIMIZATION_LEVEL = "-O";
				VALIDATE_PRODUCT = YES;
			};
			name = Release;
		};
		22E46AC5269BB55F000B3B3C /* Debug */ = {
			isa = XCBuildConfiguration;
			buildSettings = {
				ASSETCATALOG_COMPILER_APPICON_NAME = AppIcon;
				ASSETCATALOG_COMPILER_GLOBAL_ACCENT_COLOR_NAME = AccentColor;
				CODE_SIGN_STYLE = Automatic;
				DEVELOPMENT_TEAM = 4JH2MBZ5K9;
				INFOPLIST_FILE = Sprites/Info.plist;
				LD_RUNPATH_SEARCH_PATHS = (
					"$(inherited)",
					"@executable_path/Frameworks",
				);
				PRODUCT_BUNDLE_IDENTIFIER = com.samsDevsLife.Sprites;
				PRODUCT_NAME = "$(TARGET_NAME)";
				SWIFT_VERSION = 5.0;
				TARGETED_DEVICE_FAMILY = "1,2";
			};
			name = Debug;
		};
		22E46AC6269BB55F000B3B3C /* Release */ = {
			isa = XCBuildConfiguration;
			buildSettings = {
				ASSETCATALOG_COMPILER_APPICON_NAME = AppIcon;
				ASSETCATALOG_COMPILER_GLOBAL_ACCENT_COLOR_NAME = AccentColor;
				CODE_SIGN_STYLE = Automatic;
				DEVELOPMENT_TEAM = 4JH2MBZ5K9;
				INFOPLIST_FILE = Sprites/Info.plist;
				LD_RUNPATH_SEARCH_PATHS = (
					"$(inherited)",
					"@executable_path/Frameworks",
				);
				PRODUCT_BUNDLE_IDENTIFIER = com.samsDevsLife.Sprites;
				PRODUCT_NAME = "$(TARGET_NAME)";
				SWIFT_VERSION = 5.0;
				TARGETED_DEVICE_FAMILY = "1,2";
			};
			name = Release;
		};
/* End XCBuildConfiguration section */

/* Begin XCConfigurationList section */
		22E46AAB269BB55E000B3B3C /* Build configuration list for PBXProject "Sprites" */ = {
			isa = XCConfigurationList;
			buildConfigurations = (
				22E46AC2269BB55F000B3B3C /* Debug */,
				22E46AC3269BB55F000B3B3C /* Release */,
			);
			defaultConfigurationIsVisible = 0;
			defaultConfigurationName = Release;
		};
		22E46AC4269BB55F000B3B3C /* Build configuration list for PBXNativeTarget "Sprites" */ = {
			isa = XCConfigurationList;
			buildConfigurations = (
				22E46AC5269BB55F000B3B3C /* Debug */,
				22E46AC6269BB55F000B3B3C /* Release */,
			);
			defaultConfigurationIsVisible = 0;
			defaultConfigurationName = Release;
		};
/* End XCConfigurationList section */
	};
	rootObject = 22E46AA8269BB55E000B3B3C /* Project object */;
}
